// !$*UTF8*$!
{
	archiveVersion = 1;
	classes = {
	};
	objectVersion = 46;
	objects = {

/* Begin PBXBuildFile section */
		0727C9F41B5BC9F00064D5D6 /* AppDelegate.swift in Sources */ = {isa = PBXBuildFile; fileRef = 0727C9F31B5BC9F00064D5D6 /* AppDelegate.swift */; };
		0727C9F61B5BC9F00064D5D6 /* FirstViewController.swift in Sources */ = {isa = PBXBuildFile; fileRef = 0727C9F51B5BC9F00064D5D6 /* FirstViewController.swift */; };
		0727C9F81B5BC9F00064D5D6 /* SecondViewController.swift in Sources */ = {isa = PBXBuildFile; fileRef = 0727C9F71B5BC9F00064D5D6 /* SecondViewController.swift */; };
		0727C9FB1B5BC9F00064D5D6 /* Main.storyboard in Resources */ = {isa = PBXBuildFile; fileRef = 0727C9F91B5BC9F00064D5D6 /* Main.storyboard */; };
		0727C9FD1B5BC9F00064D5D6 /* Images.xcassets in Resources */ = {isa = PBXBuildFile; fileRef = 0727C9FC1B5BC9F00064D5D6 /* Images.xcassets */; };
		0727CA001B5BC9F00064D5D6 /* LaunchScreen.xib in Resources */ = {isa = PBXBuildFile; fileRef = 0727C9FE1B5BC9F00064D5D6 /* LaunchScreen.xib */; };
		0727CA0C1B5BC9F00064D5D6 /* TabOnListTests.swift in Sources */ = {isa = PBXBuildFile; fileRef = 0727CA0B1B5BC9F00064D5D6 /* TabOnListTests.swift */; };
		0727CA161B5BCFD70064D5D6 /* ItemManager.swift in Sources */ = {isa = PBXBuildFile; fileRef = 0727CA151B5BCFD70064D5D6 /* ItemManager.swift */; };
/* End PBXBuildFile section */

/* Begin PBXContainerItemProxy section */
		0727CA061B5BC9F00064D5D6 /* PBXContainerItemProxy */ = {
			isa = PBXContainerItemProxy;
			containerPortal = 0727C9E61B5BC9F00064D5D6 /* Project object */;
			proxyType = 1;
			remoteGlobalIDString = 0727C9ED1B5BC9F00064D5D6;
			remoteInfo = TabOnList;
		};
/* End PBXContainerItemProxy section */

/* Begin PBXFileReference section */
		0727C9EE1B5BC9F00064D5D6 /* TabOnList.app */ = {isa = PBXFileReference; explicitFileType = wrapper.application; includeInIndex = 0; path = TabOnList.app; sourceTree = BUILT_PRODUCTS_DIR; };
		0727C9F21B5BC9F00064D5D6 /* Info.plist */ = {isa = PBXFileReference; lastKnownFileType = text.plist.xml; path = Info.plist; sourceTree = "<group>"; };
		0727C9F31B5BC9F00064D5D6 /* AppDelegate.swift */ = {isa = PBXFileReference; lastKnownFileType = sourcecode.swift; path = AppDelegate.swift; sourceTree = "<group>"; };
		0727C9F51B5BC9F00064D5D6 /* FirstViewController.swift */ = {isa = PBXFileReference; lastKnownFileType = sourcecode.swift; path = FirstViewController.swift; sourceTree = "<group>"; };
		0727C9F71B5BC9F00064D5D6 /* SecondViewController.swift */ = {isa = PBXFileReference; lastKnownFileType = sourcecode.swift; path = SecondViewController.swift; sourceTree = "<group>"; };
		0727C9FA1B5BC9F00064D5D6 /* Base */ = {isa = PBXFileReference; lastKnownFileType = file.storyboard; name = Base; path = Base.lproj/Main.storyboard; sourceTree = "<group>"; };
		0727C9FC1B5BC9F00064D5D6 /* Images.xcassets */ = {isa = PBXFileReference; lastKnownFileType = folder.assetcatalog; path = Images.xcassets; sourceTree = "<group>"; };
		0727C9FF1B5BC9F00064D5D6 /* Base */ = {isa = PBXFileReference; lastKnownFileType = file.xib; name = Base; path = Base.lproj/LaunchScreen.xib; sourceTree = "<group>"; };
		0727CA051B5BC9F00064D5D6 /* TabOnListTests.xctest */ = {isa = PBXFileReference; explicitFileType = wrapper.cfbundle; includeInIndex = 0; path = TabOnListTests.xctest; sourceTree = BUILT_PRODUCTS_DIR; };
		0727CA0A1B5BC9F00064D5D6 /* Info.plist */ = {isa = PBXFileReference; lastKnownFileType = text.plist.xml; path = Info.plist; sourceTree = "<group>"; };
		0727CA0B1B5BC9F00064D5D6 /* TabOnListTests.swift */ = {isa = PBXFileReference; lastKnownFileType = sourcecode.swift; path = TabOnListTests.swift; sourceTree = "<group>"; };
		0727CA151B5BCFD70064D5D6 /* ItemManager.swift */ = {isa = PBXFileReference; fileEncoding = 4; lastKnownFileType = sourcecode.swift; path = ItemManager.swift; sourceTree = "<group>"; };
/* End PBXFileReference section */

/* Begin PBXFrameworksBuildPhase section */
		0727C9EB1B5BC9F00064D5D6 /* Frameworks */ = {
			isa = PBXFrameworksBuildPhase;
			buildActionMask = 2147483647;
			files = (
			);
			runOnlyForDeploymentPostprocessing = 0;
		};
		0727CA021B5BC9F00064D5D6 /* Frameworks */ = {
			isa = PBXFrameworksBuildPhase;
			buildActionMask = 2147483647;
			files = (
			);
			runOnlyForDeploymentPostprocessing = 0;
		};
/* End PBXFrameworksBuildPhase section */

/* Begin PBXGroup section */
		0727C9E51B5BC9F00064D5D6 = {
			isa = PBXGroup;
			children = (
				0727C9F01B5BC9F00064D5D6 /* TabOnList */,
				0727CA081B5BC9F00064D5D6 /* TabOnListTests */,
				0727C9EF1B5BC9F00064D5D6 /* Products */,
			);
			sourceTree = "<group>";
		};
		0727C9EF1B5BC9F00064D5D6 /* Products */ = {
			isa = PBXGroup;
			children = (
				0727C9EE1B5BC9F00064D5D6 /* TabOnList.app */,
				0727CA051B5BC9F00064D5D6 /* TabOnListTests.xctest */,
			);
			name = Products;
			sourceTree = "<group>";
		};
		0727C9F01B5BC9F00064D5D6 /* TabOnList */ = {
			isa = PBXGroup;
			children = (
				0727C9F31B5BC9F00064D5D6 /* AppDelegate.swift */,
				0727C9F51B5BC9F00064D5D6 /* FirstViewController.swift */,
				0727C9F71B5BC9F00064D5D6 /* SecondViewController.swift */,
				0727C9F91B5BC9F00064D5D6 /* Main.storyboard */,
				0727CA151B5BCFD70064D5D6 /* ItemManager.swift */,
				0727C9FC1B5BC9F00064D5D6 /* Images.xcassets */,
				0727C9FE1B5BC9F00064D5D6 /* LaunchScreen.xib */,
				0727C9F11B5BC9F00064D5D6 /* Supporting Files */,
			);
			path = TabOnList;
			sourceTree = "<group>";
		};
		0727C9F11B5BC9F00064D5D6 /* Supporting Files */ = {
			isa = PBXGroup;
			children = (
				0727C9F21B5BC9F00064D5D6 /* Info.plist */,
			);
			name = "Supporting Files";
			sourceTree = "<group>";
		};
		0727CA081B5BC9F00064D5D6 /* TabOnListTests */ = {
			isa = PBXGroup;
			children = (
				0727CA0B1B5BC9F00064D5D6 /* TabOnListTests.swift */,
				0727CA091B5BC9F00064D5D6 /* Supporting Files */,
			);
			path = TabOnListTests;
			sourceTree = "<group>";
		};
		0727CA091B5BC9F00064D5D6 /* Supporting Files */ = {
			isa = PBXGroup;
			children = (
				0727CA0A1B5BC9F00064D5D6 /* Info.plist */,
			);
			name = "Supporting Files";
			sourceTree = "<group>";
		};
/* End PBXGroup section */

/* Begin PBXNativeTarget section */
		0727C9ED1B5BC9F00064D5D6 /* TabOnList */ = {
			isa = PBXNativeTarget;
			buildConfigurationList = 0727CA0F1B5BC9F00064D5D6 /* Build configuration list for PBXNativeTarget "TabOnList" */;
			buildPhases = (
				0727C9EA1B5BC9F00064D5D6 /* Sources */,
				0727C9EB1B5BC9F00064D5D6 /* Frameworks */,
				0727C9EC1B5BC9F00064D5D6 /* Resources */,
			);
			buildRules = (
			);
			dependencies = (
			);
			name = TabOnList;
			productName = TabOnList;
			productReference = 0727C9EE1B5BC9F00064D5D6 /* TabOnList.app */;
			productType = "com.apple.product-type.application";
		};
		0727CA041B5BC9F00064D5D6 /* TabOnListTests */ = {
			isa = PBXNativeTarget;
			buildConfigurationList = 0727CA121B5BC9F00064D5D6 /* Build configuration list for PBXNativeTarget "TabOnListTests" */;
			buildPhases = (
				0727CA011B5BC9F00064D5D6 /* Sources */,
				0727CA021B5BC9F00064D5D6 /* Frameworks */,
				0727CA031B5BC9F00064D5D6 /* Resources */,
			);
			buildRules = (
			);
			dependencies = (
				0727CA071B5BC9F00064D5D6 /* PBXTargetDependency */,
			);
			name = TabOnListTests;
			productName = TabOnListTests;
			productReference = 0727CA051B5BC9F00064D5D6 /* TabOnListTests.xctest */;
			productType = "com.apple.product-type.bundle.unit-test";
		};
/* End PBXNativeTarget section */

/* Begin PBXProject section */
		0727C9E61B5BC9F00064D5D6 /* Project object */ = {
			isa = PBXProject;
			attributes = {
				LastUpgradeCheck = 0640;
				ORGANIZATIONNAME = marta;
				TargetAttributes = {
					0727C9ED1B5BC9F00064D5D6 = {
						CreatedOnToolsVersion = 6.4;
					};
					0727CA041B5BC9F00064D5D6 = {
						CreatedOnToolsVersion = 6.4;
						TestTargetID = 0727C9ED1B5BC9F00064D5D6;
					};
				};
			};
			buildConfigurationList = 0727C9E91B5BC9F00064D5D6 /* Build configuration list for PBXProject "TabOnList" */;
			compatibilityVersion = "Xcode 3.2";
			developmentRegion = English;
			hasScannedForEncodings = 0;
			knownRegions = (
				en,
				Base,
			);
			mainGroup = 0727C9E51B5BC9F00064D5D6;
			productRefGroup = 0727C9EF1B5BC9F00064D5D6 /* Products */;
			projectDirPath = "";
			projectRoot = "";
			targets = (
				0727C9ED1B5BC9F00064D5D6 /* TabOnList */,
				0727CA041B5BC9F00064D5D6 /* TabOnListTests */,
			);
		};
/* End PBXProject section */

/* Begin PBXResourcesBuildPhase section */
		0727C9EC1B5BC9F00064D5D6 /* Resources */ = {
			isa = PBXResourcesBuildPhase;
			buildActionMask = 2147483647;
			files = (
				0727C9FB1B5BC9F00064D5D6 /* Main.storyboard in Resources */,
				0727CA001B5BC9F00064D5D6 /* LaunchScreen.xib in Resources */,
				0727C9FD1B5BC9F00064D5D6 /* Images.xcassets in Resources */,
			);
			runOnlyForDeploymentPostprocessing = 0;
		};
		0727CA031B5BC9F00064D5D6 /* Resources */ = {
			isa = PBXResourcesBuildPhase;
			buildActionMask = 2147483647;
			files = (
			);
			runOnlyForDeploymentPostprocessing = 0;
		};
/* End PBXResourcesBuildPhase section */

/* Begin PBXSourcesBuildPhase section */
		0727C9EA1B5BC9F00064D5D6 /* Sources */ = {
			isa = PBXSourcesBuildPhase;
			buildActionMask = 2147483647;
			files = (
				0727C9F81B5BC9F00064D5D6 /* SecondViewController.swift in Sources */,
				0727C9F41B5BC9F00064D5D6 /* AppDelegate.swift in Sources */,
				0727CA161B5BCFD70064D5D6 /* ItemManager.swift in Sources */,
				0727C9F61B5BC9F00064D5D6 /* FirstViewController.swift in Sources */,
			);
			runOnlyForDeploymentPostprocessing = 0;
		};
		0727CA011B5BC9F00064D5D6 /* Sources */ = {
			isa = PBXSourcesBuildPhase;
			buildActionMask = 2147483647;
			files = (
				0727CA0C1B5BC9F00064D5D6 /* TabOnListTests.swift in Sources */,
			);
			runOnlyForDeploymentPostprocessing = 0;
		};
/* End PBXSourcesBuildPhase section */

/* Begin PBXTargetDependency section */
		0727CA071B5BC9F00064D5D6 /* PBXTargetDependency */ = {
			isa = PBXTargetDependency;
			target = 0727C9ED1B5BC9F00064D5D6 /* TabOnList */;
			targetProxy = 0727CA061B5BC9F00064D5D6 /* PBXContainerItemProxy */;
		};
/* End PBXTargetDependency section */

/* Begin PBXVariantGroup section */
		0727C9F91B5BC9F00064D5D6 /* Main.storyboard */ = {
			isa = PBXVariantGroup;
			children = (
				0727C9FA1B5BC9F00064D5D6 /* Base */,
			);
			name = Main.storyboard;
			sourceTree = "<group>";
		};
		0727C9FE1B5BC9F00064D5D6 /* LaunchScreen.xib */ = {
			isa = PBXVariantGroup;
			children = (
				0727C9FF1B5BC9F00064D5D6 /* Base */,
			);
			name = LaunchScreen.xib;
			sourceTree = "<group>";
		};
/* End PBXVariantGroup section */

/* Begin XCBuildConfiguration section */
		0727CA0D1B5BC9F00064D5D6 /* Debug */ = {
			isa = XCBuildConfiguration;
			buildSettings = {
				ALWAYS_SEARCH_USER_PATHS = NO;
				CLANG_CXX_LANGUAGE_STANDARD = "gnu++0x";
				CLANG_CXX_LIBRARY = "libc++";
				CLANG_ENABLE_MODULES = YES;
				CLANG_ENABLE_OBJC_ARC = YES;
				CLANG_WARN_BOOL_CONVERSION = YES;
				CLANG_WARN_CONSTANT_CONVERSION = YES;
				CLANG_WARN_DIRECT_OBJC_ISA_USAGE = YES_ERROR;
				CLANG_WARN_EMPTY_BODY = YES;
				CLANG_WARN_ENUM_CONVERSION = YES;
				CLANG_WARN_INT_CONVERSION = YES;
				CLANG_WARN_OBJC_ROOT_CLASS = YES_ERROR;
				CLANG_WARN_UNREACHABLE_CODE = YES;
				CLANG_WARN__DUPLICATE_METHOD_MATCH = YES;
				"CODE_SIGN_IDENTITY[sdk=iphoneos*]" = "iPhone Developer";
				COPY_PHASE_STRIP = NO;
				DEBUG_INFORMATION_FORMAT = "dwarf-with-dsym";
				ENABLE_STRICT_OBJC_MSGSEND = YES;
				GCC_C_LANGUAGE_STANDARD = gnu99;
				GCC_DYNAMIC_NO_PIC = NO;
				GCC_NO_COMMON_BLOCKS = YES;
				GCC_OPTIMIZATION_LEVEL = 0;
				GCC_PREPROCESSOR_DEFINITIONS = (
					"DEBUG=1",
					"$(inherited)",
				);
				GCC_SYMBOLS_PRIVATE_EXTERN = NO;
				GCC_WARN_64_TO_32_BIT_CONVERSION = YES;
				GCC_WARN_ABOUT_RETURN_TYPE = YES_ERROR;
				GCC_WARN_UNDECLARED_SELECTOR = YES;
				GCC_WARN_UNINITIALIZED_AUTOS = YES_AGGRESSIVE;
				GCC_WARN_UNUSED_FUNCTION = YES;
				GCC_WARN_UNUSED_VARIABLE = YES;
				IPHONEOS_DEPLOYMENT_TARGET = 8.4;
				MTL_ENABLE_DEBUG_INFO = YES;
				ONLY_ACTIVE_ARCH = YES;
				SDKROOT = iphoneos;
				SWIFT_OPTIMIZATION_LEVEL = "-Onone";
			};
			name = Debug;
		};
		0727CA0E1B5BC9F00064D5D6 /* Release */ = {
			isa = XCBuildConfiguration;
			buildSettings = {
				ALWAYS_SEARCH_USER_PATHS = NO;
				CLANG_CXX_LANGUAGE_STANDARD = "gnu++0x";
				CLANG_CXX_LIBRARY = "libc++";
				CLANG_ENABLE_MODULES = YES;
				CLANG_ENABLE_OBJC_ARC = YES;
				CLANG_WARN_BOOL_CONVERSION = YES;
				CLANG_WARN_CONSTANT_CONVERSION = YES;
				CLANG_WARN_DIRECT_OBJC_ISA_USAGE = YES_ERROR;
				CLANG_WARN_EMPTY_BODY = YES;
				CLANG_WARN_ENUM_CONVERSION = YES;
				CLANG_WARN_INT_CONVERSION = YES;
				CLANG_WARN_OBJC_ROOT_CLASS = YES_ERROR;
				CLANG_WARN_UNREACHABLE_CODE = YES;
				CLANG_WARN__DUPLICATE_METHOD_MATCH = YES;
				"CODE_SIGN_IDENTITY[sdk=iphoneos*]" = "iPhone Developer";
				COPY_PHASE_STRIP = NO;
				DEBUG_INFORMATION_FORMAT = "dwarf-with-dsym";
				ENABLE_NS_ASSERTIONS = NO;
				ENABLE_STRICT_OBJC_MSGSEND = YES;
				GCC_C_LANGUAGE_STANDARD = gnu99;
				GCC_NO_COMMON_BLOCKS = YES;
				GCC_WARN_64_TO_32_BIT_CONVERSION = YES;
				GCC_WARN_ABOUT_RETURN_TYPE = YES_ERROR;
				GCC_WARN_UNDECLARED_SELECTOR = YES;
				GCC_WARN_UNINITIALIZED_AUTOS = YES_AGGRESSIVE;
				GCC_WARN_UNUSED_FUNCTION = YES;
				GCC_WARN_UNUSED_VARIABLE = YES;
				IPHONEOS_DEPLOYMENT_TARGET = 8.4;
				MTL_ENABLE_DEBUG_INFO = NO;
				SDKROOT = iphoneos;
				VALIDATE_PRODUCT = YES;
			};
			name = Release;
		};
		0727CA101B5BC9F00064D5D6 /* Debug */ = {
			isa = XCBuildConfiguration;
			buildSettings = {
				ASSETCATALOG_COMPILER_APPICON_NAME = AppIcon;
				INFOPLIST_FILE = TabOnList/Info.plist;
				LD_RUNPATH_SEARCH_PATHS = "$(inherited) @executable_path/Frameworks";
				PRODUCT_NAME = "$(TARGET_NAME)";
			};
			name = Debug;
		};
		0727CA111B5BC9F00064D5D6 /* Release */ = {
			isa = XCBuildConfiguration;
			buildSettings = {
				ASSETCATALOG_COMPILER_APPICON_NAME = AppIcon;
				INFOPLIST_FILE = TabOnList/Info.plist;
				LD_RUNPATH_SEARCH_PATHS = "$(inherited) @executable_path/Frameworks";
				PRODUCT_NAME = "$(TARGET_NAME)";
			};
			name = Release;
		};
		0727CA131B5BC9F00064D5D6 /* Debug */ = {
			isa = XCBuildConfiguration;
			buildSettings = {
				BUNDLE_LOADER = "$(TEST_HOST)";
				FRAMEWORK_SEARCH_PATHS = (
					"$(SDKROOT)/Developer/Library/Frameworks",
					"$(inherited)",
				);
				GCC_PREPROCESSOR_DEFINITIONS = (
					"DEBUG=1",
					"$(inherited)",
				);
				INFOPLIST_FILE = TabOnListTests/Info.plist;
				LD_RUNPATH_SEARCH_PATHS = "$(inherited) @executable_path/Frameworks @loader_path/Frameworks";
				PRODUCT_NAME = "$(TARGET_NAME)";
				TEST_HOST = "$(BUILT_PRODUCTS_DIR)/TabOnList.app/TabOnList";
			};
			name = Debug;
		};
		0727CA141B5BC9F00064D5D6 /* Release */ = {
			isa = XCBuildConfiguration;
			buildSettings = {
				BUNDLE_LOADER = "$(TEST_HOST)";
				FRAMEWORK_SEARCH_PATHS = (
					"$(SDKROOT)/Developer/Library/Frameworks",
					"$(inherited)",
				);
				INFOPLIST_FILE = TabOnListTests/Info.plist;
				LD_RUNPATH_SEARCH_PATHS = "$(inherited) @executable_path/Frameworks @loader_path/Frameworks";
				PRODUCT_NAME = "$(TARGET_NAME)";
				TEST_HOST = "$(BUILT_PRODUCTS_DIR)/TabOnList.app/TabOnList";
			};
			name = Release;
		};
/* End XCBuildConfiguration section */

/* Begin XCConfigurationList section */
		0727C9E91B5BC9F00064D5D6 /* Build configuration list for PBXProject "TabOnList" */ = {
			isa = XCConfigurationList;
			buildConfigurations = (
				0727CA0D1B5BC9F00064D5D6 /* Debug */,
				0727CA0E1B5BC9F00064D5D6 /* Release */,
			);
			defaultConfigurationIsVisible = 0;
			defaultConfigurationName = Release;
		};
		0727CA0F1B5BC9F00064D5D6 /* Build configuration list for PBXNativeTarget "TabOnList" */ = {
			isa = XCConfigurationList;
			buildConfigurations = (
				0727CA101B5BC9F00064D5D6 /* Debug */,
				0727CA111B5BC9F00064D5D6 /* Release */,
			);
			defaultConfigurationIsVisible = 0;
		};
		0727CA121B5BC9F00064D5D6 /* Build configuration list for PBXNativeTarget "TabOnListTests" */ = {
			isa = XCConfigurationList;
			buildConfigurations = (
				0727CA131B5BC9F00064D5D6 /* Debug */,
				0727CA141B5BC9F00064D5D6 /* Release */,
			);
			defaultConfigurationIsVisible = 0;
		};
/* End XCConfigurationList section */
	};
	rootObject = 0727C9E61B5BC9F00064D5D6 /* Project object */;
}
